// !$*UTF8*$!
{
	archiveVersion = 1;
	classes = {
	};
	objectVersion = 50;
	objects = {

/* Begin PBXBuildFile section */
		C941C9AD25FB15BC00D7DDE3 /* landmarkData.json in Resources */ = {isa = PBXBuildFile; fileRef = C941C9AC25FB15BC00D7DDE3 /* landmarkData.json */; };
		C941C9B025FB33A500D7DDE3 /* Landmark.swift in Sources */ = {isa = PBXBuildFile; fileRef = C941C9AF25FB33A500D7DDE3 /* Landmark.swift */; };
		C941C9B325FB34DF00D7DDE3 /* ModelData.swift in Sources */ = {isa = PBXBuildFile; fileRef = C941C9B225FB34DF00D7DDE3 /* ModelData.swift */; };
		C941C9B925FB3A4500D7DDE3 /* LandmarkRow.swift in Sources */ = {isa = PBXBuildFile; fileRef = C941C9B825FB3A4500D7DDE3 /* LandmarkRow.swift */; };
		C941C9BD25FB3D6C00D7DDE3 /* LandmarkList.swift in Sources */ = {isa = PBXBuildFile; fileRef = C941C9BC25FB3D6C00D7DDE3 /* LandmarkList.swift */; };
		C941C9C125FB3FC000D7DDE3 /* LandmarkDetail.swift in Sources */ = {isa = PBXBuildFile; fileRef = C941C9C025FB3FC000D7DDE3 /* LandmarkDetail.swift */; };
		C945166D25FB66F600A111E1 /* FavoriteButton.swift in Sources */ = {isa = PBXBuildFile; fileRef = C945166C25FB66F600A111E1 /* FavoriteButton.swift */; };
		C945167B25FB6B5200A111E1 /* HexagonParameters.swift in Sources */ = {isa = PBXBuildFile; fileRef = C945167A25FB6B5200A111E1 /* HexagonParameters.swift */; };
		C945167E25FB6E6F00A111E1 /* BadgeBackground.swift in Sources */ = {isa = PBXBuildFile; fileRef = C945167D25FB6E6F00A111E1 /* BadgeBackground.swift */; };
		C945168125FBBEF800A111E1 /* BadgeSymbol.swift in Sources */ = {isa = PBXBuildFile; fileRef = C945168025FBBEF800A111E1 /* BadgeSymbol.swift */; };
		C945168425FBC11600A111E1 /* RotatedBadgeSymbol.swift in Sources */ = {isa = PBXBuildFile; fileRef = C945168325FBC11600A111E1 /* RotatedBadgeSymbol.swift */; };
		C945168725FBC1BA00A111E1 /* Badge.swift in Sources */ = {isa = PBXBuildFile; fileRef = C945168625FBC1BA00A111E1 /* Badge.swift */; };
		C945169325FC8ED900A111E1 /* hikeData.json in Resources */ = {isa = PBXBuildFile; fileRef = C945169225FC8ED900A111E1 /* hikeData.json */; };
		C945169625FC8EF600A111E1 /* Hike.swift in Sources */ = {isa = PBXBuildFile; fileRef = C945169525FC8EF600A111E1 /* Hike.swift */; };
		C945169D25FC8FCD00A111E1 /* GraphCapsule.swift in Sources */ = {isa = PBXBuildFile; fileRef = C945169925FC8FCD00A111E1 /* GraphCapsule.swift */; };
		C945169E25FC8FCD00A111E1 /* HikeGraph.swift in Sources */ = {isa = PBXBuildFile; fileRef = C945169A25FC8FCD00A111E1 /* HikeGraph.swift */; };
		C945169F25FC8FCD00A111E1 /* HikeDetail.swift in Sources */ = {isa = PBXBuildFile; fileRef = C945169B25FC8FCD00A111E1 /* HikeDetail.swift */; };
		C94516A025FC8FCD00A111E1 /* HikeView.swift in Sources */ = {isa = PBXBuildFile; fileRef = C945169C25FC8FCD00A111E1 /* HikeView.swift */; };
		C94516A625FE703500A111E1 /* CategoryHome.swift in Sources */ = {isa = PBXBuildFile; fileRef = C94516A525FE703500A111E1 /* CategoryHome.swift */; };
		C94516AA25FF584300A111E1 /* CategoryRow.swift in Sources */ = {isa = PBXBuildFile; fileRef = C94516A925FF584300A111E1 /* CategoryRow.swift */; };
		C94516AD25FF594800A111E1 /* CategoryItem.swift in Sources */ = {isa = PBXBuildFile; fileRef = C94516AC25FF594800A111E1 /* CategoryItem.swift */; };
		C94516B325FF5F9400A111E1 /* Profile.swift in Sources */ = {isa = PBXBuildFile; fileRef = C94516B225FF5F9400A111E1 /* Profile.swift */; };
		C94516B725FF604100A111E1 /* ProfileHost.swift in Sources */ = {isa = PBXBuildFile; fileRef = C94516B625FF604100A111E1 /* ProfileHost.swift */; };
		C94516BB25FF609400A111E1 /* ProfileSummary.swift in Sources */ = {isa = PBXBuildFile; fileRef = C94516BA25FF609400A111E1 /* ProfileSummary.swift */; };
		C94516BE25FF617800A111E1 /* HikeBadge.swift in Sources */ = {isa = PBXBuildFile; fileRef = C94516BD25FF617800A111E1 /* HikeBadge.swift */; };
		C96A3C4025F7CE4100D794AF /* LandmarksApp.swift in Sources */ = {isa = PBXBuildFile; fileRef = C96A3C3F25F7CE4100D794AF /* LandmarksApp.swift */; };
		C96A3C4225F7CE4100D794AF /* ContentView.swift in Sources */ = {isa = PBXBuildFile; fileRef = C96A3C4125F7CE4100D794AF /* ContentView.swift */; };
		C96A3C4425F7CE5200D794AF /* Assets.xcassets in Resources */ = {isa = PBXBuildFile; fileRef = C96A3C4325F7CE5200D794AF /* Assets.xcassets */; };
		C96A3C4725F7CE5200D794AF /* Preview Assets.xcassets in Resources */ = {isa = PBXBuildFile; fileRef = C96A3C4625F7CE5200D794AF /* Preview Assets.xcassets */; };
		C96A3C5025F7D8F000D794AF /* CircleImage.swift in Sources */ = {isa = PBXBuildFile; fileRef = C96A3C4F25F7D8F000D794AF /* CircleImage.swift */; };
		C96A3C5325F7D9DA00D794AF /* MapView.swift in Sources */ = {isa = PBXBuildFile; fileRef = C96A3C5225F7D9DA00D794AF /* MapView.swift */; };
/* End PBXBuildFile section */

/* Begin PBXFileReference section */
		C941C9AC25FB15BC00D7DDE3 /* landmarkData.json */ = {isa = PBXFileReference; fileEncoding = 4; lastKnownFileType = text.json; path = landmarkData.json; sourceTree = "<group>"; };
		C941C9AF25FB33A500D7DDE3 /* Landmark.swift */ = {isa = PBXFileReference; lastKnownFileType = sourcecode.swift; path = Landmark.swift; sourceTree = "<group>"; };
		C941C9B225FB34DF00D7DDE3 /* ModelData.swift */ = {isa = PBXFileReference; lastKnownFileType = sourcecode.swift; path = ModelData.swift; sourceTree = "<group>"; };
		C941C9B825FB3A4500D7DDE3 /* LandmarkRow.swift */ = {isa = PBXFileReference; lastKnownFileType = sourcecode.swift; path = LandmarkRow.swift; sourceTree = "<group>"; };
		C941C9BC25FB3D6C00D7DDE3 /* LandmarkList.swift */ = {isa = PBXFileReference; lastKnownFileType = sourcecode.swift; path = LandmarkList.swift; sourceTree = "<group>"; };
		C941C9C025FB3FC000D7DDE3 /* LandmarkDetail.swift */ = {isa = PBXFileReference; lastKnownFileType = sourcecode.swift; path = LandmarkDetail.swift; sourceTree = "<group>"; };
		C945166C25FB66F600A111E1 /* FavoriteButton.swift */ = {isa = PBXFileReference; lastKnownFileType = sourcecode.swift; path = FavoriteButton.swift; sourceTree = "<group>"; };
		C945167A25FB6B5200A111E1 /* HexagonParameters.swift */ = {isa = PBXFileReference; lastKnownFileType = sourcecode.swift; path = HexagonParameters.swift; sourceTree = "<group>"; };
		C945167D25FB6E6F00A111E1 /* BadgeBackground.swift */ = {isa = PBXFileReference; lastKnownFileType = sourcecode.swift; path = BadgeBackground.swift; sourceTree = "<group>"; };
		C945168025FBBEF800A111E1 /* BadgeSymbol.swift */ = {isa = PBXFileReference; lastKnownFileType = sourcecode.swift; path = BadgeSymbol.swift; sourceTree = "<group>"; };
		C945168325FBC11600A111E1 /* RotatedBadgeSymbol.swift */ = {isa = PBXFileReference; lastKnownFileType = sourcecode.swift; path = RotatedBadgeSymbol.swift; sourceTree = "<group>"; };
		C945168625FBC1BA00A111E1 /* Badge.swift */ = {isa = PBXFileReference; lastKnownFileType = sourcecode.swift; path = Badge.swift; sourceTree = "<group>"; };
		C945169225FC8ED900A111E1 /* hikeData.json */ = {isa = PBXFileReference; fileEncoding = 4; lastKnownFileType = text.json; path = hikeData.json; sourceTree = "<group>"; };
		C945169525FC8EF600A111E1 /* Hike.swift */ = {isa = PBXFileReference; lastKnownFileType = sourcecode.swift; path = Hike.swift; sourceTree = "<group>"; };
		C945169925FC8FCD00A111E1 /* GraphCapsule.swift */ = {isa = PBXFileReference; fileEncoding = 4; lastKnownFileType = sourcecode.swift; path = GraphCapsule.swift; sourceTree = "<group>"; };
		C945169A25FC8FCD00A111E1 /* HikeGraph.swift */ = {isa = PBXFileReference; fileEncoding = 4; lastKnownFileType = sourcecode.swift; path = HikeGraph.swift; sourceTree = "<group>"; };
		C945169B25FC8FCD00A111E1 /* HikeDetail.swift */ = {isa = PBXFileReference; fileEncoding = 4; lastKnownFileType = sourcecode.swift; path = HikeDetail.swift; sourceTree = "<group>"; };
		C945169C25FC8FCD00A111E1 /* HikeView.swift */ = {isa = PBXFileReference; fileEncoding = 4; lastKnownFileType = sourcecode.swift; path = HikeView.swift; sourceTree = "<group>"; };
		C94516A525FE703500A111E1 /* CategoryHome.swift */ = {isa = PBXFileReference; lastKnownFileType = sourcecode.swift; path = CategoryHome.swift; sourceTree = "<group>"; };
		C94516A925FF584300A111E1 /* CategoryRow.swift */ = {isa = PBXFileReference; lastKnownFileType = sourcecode.swift; path = CategoryRow.swift; sourceTree = "<group>"; };
		C94516AC25FF594800A111E1 /* CategoryItem.swift */ = {isa = PBXFileReference; lastKnownFileType = sourcecode.swift; path = CategoryItem.swift; sourceTree = "<group>"; };
		C94516B225FF5F9400A111E1 /* Profile.swift */ = {isa = PBXFileReference; lastKnownFileType = sourcecode.swift; path = Profile.swift; sourceTree = "<group>"; };
		C94516B625FF604100A111E1 /* ProfileHost.swift */ = {isa = PBXFileReference; lastKnownFileType = sourcecode.swift; path = ProfileHost.swift; sourceTree = "<group>"; };
		C94516BA25FF609400A111E1 /* ProfileSummary.swift */ = {isa = PBXFileReference; lastKnownFileType = sourcecode.swift; path = ProfileSummary.swift; sourceTree = "<group>"; };
		C94516BD25FF617800A111E1 /* HikeBadge.swift */ = {isa = PBXFileReference; lastKnownFileType = sourcecode.swift; path = HikeBadge.swift; sourceTree = "<group>"; };
		C96A3C3C25F7CE4100D794AF /* Landmarks.app */ = {isa = PBXFileReference; explicitFileType = wrapper.application; includeInIndex = 0; path = Landmarks.app; sourceTree = BUILT_PRODUCTS_DIR; };
		C96A3C3F25F7CE4100D794AF /* LandmarksApp.swift */ = {isa = PBXFileReference; lastKnownFileType = sourcecode.swift; path = LandmarksApp.swift; sourceTree = "<group>"; };
		C96A3C4125F7CE4100D794AF /* ContentView.swift */ = {isa = PBXFileReference; lastKnownFileType = sourcecode.swift; path = ContentView.swift; sourceTree = "<group>"; };
		C96A3C4325F7CE5200D794AF /* Assets.xcassets */ = {isa = PBXFileReference; lastKnownFileType = folder.assetcatalog; path = Assets.xcassets; sourceTree = "<group>"; };
		C96A3C4625F7CE5200D794AF /* Preview Assets.xcassets */ = {isa = PBXFileReference; lastKnownFileType = folder.assetcatalog; path = "Preview Assets.xcassets"; sourceTree = "<group>"; };
		C96A3C4825F7CE5200D794AF /* Info.plist */ = {isa = PBXFileReference; lastKnownFileType = text.plist.xml; path = Info.plist; sourceTree = "<group>"; };
		C96A3C4F25F7D8F000D794AF /* CircleImage.swift */ = {isa = PBXFileReference; lastKnownFileType = sourcecode.swift; path = CircleImage.swift; sourceTree = "<group>"; };
		C96A3C5225F7D9DA00D794AF /* MapView.swift */ = {isa = PBXFileReference; lastKnownFileType = sourcecode.swift; path = MapView.swift; sourceTree = "<group>"; };
/* End PBXFileReference section */

/* Begin PBXFrameworksBuildPhase section */
		C96A3C3925F7CE4100D794AF /* Frameworks */ = {
			isa = PBXFrameworksBuildPhase;
			buildActionMask = 2147483647;
			files = (
			);
			runOnlyForDeploymentPostprocessing = 0;
		};
/* End PBXFrameworksBuildPhase section */

/* Begin PBXGroup section */
		C941C9B525FB391E00D7DDE3 /* Views */ = {
			isa = PBXGroup;
			children = (
				C96A3C4125F7CE4100D794AF /* ContentView.swift */,
				C945168C25FBC3BD00A111E1 /* Badges */,
				C94516A425FE701C00A111E1 /* Categories */,
				C945167025FB678C00A111E1 /* Helpers */,
				C945169825FC8FCD00A111E1 /* Hikes */,
				C945166F25FB677900A111E1 /* Landmarks */,
				C94516B525FF601800A111E1 /* Profiles */,
			);
			path = Views;
			sourceTree = "<group>";
		};
		C941C9B625FB393A00D7DDE3 /* Model */ = {
			isa = PBXGroup;
			children = (
				C945169525FC8EF600A111E1 /* Hike.swift */,
				C941C9B225FB34DF00D7DDE3 /* ModelData.swift */,
				C941C9AF25FB33A500D7DDE3 /* Landmark.swift */,
				C94516B225FF5F9400A111E1 /* Profile.swift */,
			);
			path = Model;
			sourceTree = "<group>";
		};
		C941C9B725FB396600D7DDE3 /* Resource */ = {
			isa = PBXGroup;
			children = (
				C945169225FC8ED900A111E1 /* hikeData.json */,
				C941C9AC25FB15BC00D7DDE3 /* landmarkData.json */,
			);
			path = Resource;
			sourceTree = "<group>";
		};
		C945166F25FB677900A111E1 /* Landmarks */ = {
			isa = PBXGroup;
			children = (
				C941C9C025FB3FC000D7DDE3 /* LandmarkDetail.swift */,
				C941C9BC25FB3D6C00D7DDE3 /* LandmarkList.swift */,
				C941C9B825FB3A4500D7DDE3 /* LandmarkRow.swift */,
			);
			path = Landmarks;
			sourceTree = "<group>";
		};
		C945167025FB678C00A111E1 /* Helpers */ = {
			isa = PBXGroup;
			children = (
				C96A3C4F25F7D8F000D794AF /* CircleImage.swift */,
				C945166C25FB66F600A111E1 /* FavoriteButton.swift */,
				C96A3C5225F7D9DA00D794AF /* MapView.swift */,
			);
			path = Helpers;
			sourceTree = "<group>";
		};
		C945168C25FBC3BD00A111E1 /* Badges */ = {
			isa = PBXGroup;
			children = (
				C945168625FBC1BA00A111E1 /* Badge.swift */,
				C945167D25FB6E6F00A111E1 /* BadgeBackground.swift */,
				C945168025FBBEF800A111E1 /* BadgeSymbol.swift */,
				C945167A25FB6B5200A111E1 /* HexagonParameters.swift */,
				C945168325FBC11600A111E1 /* RotatedBadgeSymbol.swift */,
			);
			path = Badges;
			sourceTree = "<group>";
		};
		C945169825FC8FCD00A111E1 /* Hikes */ = {
			isa = PBXGroup;
			children = (
				C945169925FC8FCD00A111E1 /* GraphCapsule.swift */,
				C945169A25FC8FCD00A111E1 /* HikeGraph.swift */,
				C945169B25FC8FCD00A111E1 /* HikeDetail.swift */,
				C945169C25FC8FCD00A111E1 /* HikeView.swift */,
				C94516BD25FF617800A111E1 /* HikeBadge.swift */,
			);
			path = Hikes;
			sourceTree = "<group>";
		};
		C94516A425FE701C00A111E1 /* Categories */ = {
			isa = PBXGroup;
			children = (
				C94516A525FE703500A111E1 /* CategoryHome.swift */,
				C94516A925FF584300A111E1 /* CategoryRow.swift */,
				C94516AC25FF594800A111E1 /* CategoryItem.swift */,
			);
			path = Categories;
			sourceTree = "<group>";
		};
		C94516B525FF601800A111E1 /* Profiles */ = {
			isa = PBXGroup;
			children = (
				C94516B625FF604100A111E1 /* ProfileHost.swift */,
				C94516BA25FF609400A111E1 /* ProfileSummary.swift */,
			);
			path = Profiles;
			sourceTree = "<group>";
		};
		C96A3C3325F7CE4100D794AF = {
			isa = PBXGroup;
			children = (
				C96A3C3E25F7CE4100D794AF /* Landmarks */,
				C96A3C3D25F7CE4100D794AF /* Products */,
			);
			sourceTree = "<group>";
		};
		C96A3C3D25F7CE4100D794AF /* Products */ = {
			isa = PBXGroup;
			children = (
				C96A3C3C25F7CE4100D794AF /* Landmarks.app */,
			);
			name = Products;
			sourceTree = "<group>";
		};
		C96A3C3E25F7CE4100D794AF /* Landmarks */ = {
			isa = PBXGroup;
			children = (
				C96A3C3F25F7CE4100D794AF /* LandmarksApp.swift */,
				C941C9B525FB391E00D7DDE3 /* Views */,
				C941C9B625FB393A00D7DDE3 /* Model */,
				C941C9B725FB396600D7DDE3 /* Resource */,
				C96A3C4325F7CE5200D794AF /* Assets.xcassets */,
				C96A3C4825F7CE5200D794AF /* Info.plist */,
				C96A3C4525F7CE5200D794AF /* Preview Content */,
			);
			path = Landmarks;
			sourceTree = "<group>";
		};
		C96A3C4525F7CE5200D794AF /* Preview Content */ = {
			isa = PBXGroup;
			children = (
				C96A3C4625F7CE5200D794AF /* Preview Assets.xcassets */,
			);
			path = "Preview Content";
			sourceTree = "<group>";
		};
/* End PBXGroup section */

/* Begin PBXNativeTarget section */
		C96A3C3B25F7CE4100D794AF /* Landmarks */ = {
			isa = PBXNativeTarget;
			buildConfigurationList = C96A3C4B25F7CE5200D794AF /* Build configuration list for PBXNativeTarget "Landmarks" */;
			buildPhases = (
				C96A3C3825F7CE4100D794AF /* Sources */,
				C96A3C3925F7CE4100D794AF /* Frameworks */,
				C96A3C3A25F7CE4100D794AF /* Resources */,
			);
			buildRules = (
			);
			dependencies = (
			);
			name = Landmarks;
			productName = Landmarks;
			productReference = C96A3C3C25F7CE4100D794AF /* Landmarks.app */;
			productType = "com.apple.product-type.application";
		};
/* End PBXNativeTarget section */

/* Begin PBXProject section */
		C96A3C3425F7CE4100D794AF /* Project object */ = {
			isa = PBXProject;
			attributes = {
				LastSwiftUpdateCheck = 1240;
				LastUpgradeCheck = 1240;
				TargetAttributes = {
					C96A3C3B25F7CE4100D794AF = {
						CreatedOnToolsVersion = 12.4;
					};
				};
			};
			buildConfigurationList = C96A3C3725F7CE4100D794AF /* Build configuration list for PBXProject "Landmarks" */;
			compatibilityVersion = "Xcode 9.3";
			developmentRegion = en;
			hasScannedForEncodings = 0;
			knownRegions = (
				en,
				Base,
			);
			mainGroup = C96A3C3325F7CE4100D794AF;
			productRefGroup = C96A3C3D25F7CE4100D794AF /* Products */;
			projectDirPath = "";
			projectRoot = "";
			targets = (
				C96A3C3B25F7CE4100D794AF /* Landmarks */,
			);
		};
/* End PBXProject section */

/* Begin PBXResourcesBuildPhase section */
		C96A3C3A25F7CE4100D794AF /* Resources */ = {
			isa = PBXResourcesBuildPhase;
			buildActionMask = 2147483647;
			files = (
				C945169325FC8ED900A111E1 /* hikeData.json in Resources */,
				C96A3C4725F7CE5200D794AF /* Preview Assets.xcassets in Resources */,
				C96A3C4425F7CE5200D794AF /* Assets.xcassets in Resources */,
				C941C9AD25FB15BC00D7DDE3 /* landmarkData.json in Resources */,
			);
			runOnlyForDeploymentPostprocessing = 0;
		};
/* End PBXResourcesBuildPhase section */

/* Begin PBXSourcesBuildPhase section */
		C96A3C3825F7CE4100D794AF /* Sources */ = {
			isa = PBXSourcesBuildPhase;
			buildActionMask = 2147483647;
			files = (
				C94516AA25FF584300A111E1 /* CategoryRow.swift in Sources */,
				C94516B325FF5F9400A111E1 /* Profile.swift in Sources */,
				C96A3C4225F7CE4100D794AF /* ContentView.swift in Sources */,
				C94516A625FE703500A111E1 /* CategoryHome.swift in Sources */,
				C945169E25FC8FCD00A111E1 /* HikeGraph.swift in Sources */,
				C945168725FBC1BA00A111E1 /* Badge.swift in Sources */,
				C96A3C5325F7D9DA00D794AF /* MapView.swift in Sources */,
				C945169D25FC8FCD00A111E1 /* GraphCapsule.swift in Sources */,
				C945168425FBC11600A111E1 /* RotatedBadgeSymbol.swift in Sources */,
				C96A3C4025F7CE4100D794AF /* LandmarksApp.swift in Sources */,
				C94516AD25FF594800A111E1 /* CategoryItem.swift in Sources */,
				C945169F25FC8FCD00A111E1 /* HikeDetail.swift in Sources */,
				C94516BB25FF609400A111E1 /* ProfileSummary.swift in Sources */,
				C945166D25FB66F600A111E1 /* FavoriteButton.swift in Sources */,
				C94516B725FF604100A111E1 /* ProfileHost.swift in Sources */,
				C945169625FC8EF600A111E1 /* Hike.swift in Sources */,
				C945167B25FB6B5200A111E1 /* HexagonParameters.swift in Sources */,
				C945168125FBBEF800A111E1 /* BadgeSymbol.swift in Sources */,
				C941C9BD25FB3D6C00D7DDE3 /* LandmarkList.swift in Sources */,
				C94516A025FC8FCD00A111E1 /* HikeView.swift in Sources */,
				C941C9C125FB3FC000D7DDE3 /* LandmarkDetail.swift in Sources */,
				C945167E25FB6E6F00A111E1 /* BadgeBackground.swift in Sources */,
				C94516BE25FF617800A111E1 /* HikeBadge.swift in Sources */,
				C96A3C5025F7D8F000D794AF /* CircleImage.swift in Sources */,
				C941C9B025FB33A500D7DDE3 /* Landmark.swift in Sources */,
				C941C9B925FB3A4500D7DDE3 /* LandmarkRow.swift in Sources */,
				C941C9B325FB34DF00D7DDE3 /* ModelData.swift in Sources */,
			);
			runOnlyForDeploymentPostprocessing = 0;
		};
/* End PBXSourcesBuildPhase section */

/* Begin XCBuildConfiguration section */
		C96A3C4925F7CE5200D794AF /* Debug */ = {
			isa = XCBuildConfiguration;
			buildSettings = {
				ALWAYS_SEARCH_USER_PATHS = NO;
				CLANG_ANALYZER_NONNULL = YES;
				CLANG_ANALYZER_NUMBER_OBJECT_CONVERSION = YES_AGGRESSIVE;
				CLANG_CXX_LANGUAGE_STANDARD = "gnu++14";
				CLANG_CXX_LIBRARY = "libc++";
				CLANG_ENABLE_MODULES = YES;
				CLANG_ENABLE_OBJC_ARC = YES;
				CLANG_ENABLE_OBJC_WEAK = YES;
				CLANG_WARN_BLOCK_CAPTURE_AUTORELEASING = YES;
				CLANG_WARN_BOOL_CONVERSION = YES;
				CLANG_WARN_COMMA = YES;
				CLANG_WARN_CONSTANT_CONVERSION = YES;
				CLANG_WARN_DEPRECATED_OBJC_IMPLEMENTATIONS = YES;
				CLANG_WARN_DIRECT_OBJC_ISA_USAGE = YES_ERROR;
				CLANG_WARN_DOCUMENTATION_COMMENTS = YES;
				CLANG_WARN_EMPTY_BODY = YES;
				CLANG_WARN_ENUM_CONVERSION = YES;
				CLANG_WARN_INFINITE_RECURSION = YES;
				CLANG_WARN_INT_CONVERSION = YES;
				CLANG_WARN_NON_LITERAL_NULL_CONVERSION = YES;
				CLANG_WARN_OBJC_IMPLICIT_RETAIN_SELF = YES;
				CLANG_WARN_OBJC_LITERAL_CONVERSION = YES;
				CLANG_WARN_OBJC_ROOT_CLASS = YES_ERROR;
				CLANG_WARN_QUOTED_INCLUDE_IN_FRAMEWORK_HEADER = YES;
				CLANG_WARN_RANGE_LOOP_ANALYSIS = YES;
				CLANG_WARN_STRICT_PROTOTYPES = YES;
				CLANG_WARN_SUSPICIOUS_MOVE = YES;
				CLANG_WARN_UNGUARDED_AVAILABILITY = YES_AGGRESSIVE;
				CLANG_WARN_UNREACHABLE_CODE = YES;
				CLANG_WARN__DUPLICATE_METHOD_MATCH = YES;
				COPY_PHASE_STRIP = NO;
				DEBUG_INFORMATION_FORMAT = dwarf;
				ENABLE_STRICT_OBJC_MSGSEND = YES;
				ENABLE_TESTABILITY = YES;
				GCC_C_LANGUAGE_STANDARD = gnu11;
				GCC_DYNAMIC_NO_PIC = NO;
				GCC_NO_COMMON_BLOCKS = YES;
				GCC_OPTIMIZATION_LEVEL = 0;
				GCC_PREPROCESSOR_DEFINITIONS = (
					"DEBUG=1",
					"$(inherited)",
				);
				GCC_WARN_64_TO_32_BIT_CONVERSION = YES;
				GCC_WARN_ABOUT_RETURN_TYPE = YES_ERROR;
				GCC_WARN_UNDECLARED_SELECTOR = YES;
				GCC_WARN_UNINITIALIZED_AUTOS = YES_AGGRESSIVE;
				GCC_WARN_UNUSED_FUNCTION = YES;
				GCC_WARN_UNUSED_VARIABLE = YES;
				IPHONEOS_DEPLOYMENT_TARGET = 14.4;
				MTL_ENABLE_DEBUG_INFO = INCLUDE_SOURCE;
				MTL_FAST_MATH = YES;
				ONLY_ACTIVE_ARCH = YES;
				SDKROOT = iphoneos;
				SWIFT_ACTIVE_COMPILATION_CONDITIONS = DEBUG;
				SWIFT_OPTIMIZATION_LEVEL = "-Onone";
			};
			name = Debug;
		};
		C96A3C4A25F7CE5200D794AF /* Release */ = {
			isa = XCBuildConfiguration;
			buildSettings = {
				ALWAYS_SEARCH_USER_PATHS = NO;
				CLANG_ANALYZER_NONNULL = YES;
				CLANG_ANALYZER_NUMBER_OBJECT_CONVERSION = YES_AGGRESSIVE;
				CLANG_CXX_LANGUAGE_STANDARD = "gnu++14";
				CLANG_CXX_LIBRARY = "libc++";
				CLANG_ENABLE_MODULES = YES;
				CLANG_ENABLE_OBJC_ARC = YES;
				CLANG_ENABLE_OBJC_WEAK = YES;
				CLANG_WARN_BLOCK_CAPTURE_AUTORELEASING = YES;
				CLANG_WARN_BOOL_CONVERSION = YES;
				CLANG_WARN_COMMA = YES;
				CLANG_WARN_CONSTANT_CONVERSION = YES;
				CLANG_WARN_DEPRECATED_OBJC_IMPLEMENTATIONS = YES;
				CLANG_WARN_DIRECT_OBJC_ISA_USAGE = YES_ERROR;
				CLANG_WARN_DOCUMENTATION_COMMENTS = YES;
				CLANG_WARN_EMPTY_BODY = YES;
				CLANG_WARN_ENUM_CONVERSION = YES;
				CLANG_WARN_INFINITE_RECURSION = YES;
				CLANG_WARN_INT_CONVERSION = YES;
				CLANG_WARN_NON_LITERAL_NULL_CONVERSION = YES;
				CLANG_WARN_OBJC_IMPLICIT_RETAIN_SELF = YES;
				CLANG_WARN_OBJC_LITERAL_CONVERSION = YES;
				CLANG_WARN_OBJC_ROOT_CLASS = YES_ERROR;
				CLANG_WARN_QUOTED_INCLUDE_IN_FRAMEWORK_HEADER = YES;
				CLANG_WARN_RANGE_LOOP_ANALYSIS = YES;
				CLANG_WARN_STRICT_PROTOTYPES = YES;
				CLANG_WARN_SUSPICIOUS_MOVE = YES;
				CLANG_WARN_UNGUARDED_AVAILABILITY = YES_AGGRESSIVE;
				CLANG_WARN_UNREACHABLE_CODE = YES;
				CLANG_WARN__DUPLICATE_METHOD_MATCH = YES;
				COPY_PHASE_STRIP = NO;
				DEBUG_INFORMATION_FORMAT = "dwarf-with-dsym";
				ENABLE_NS_ASSERTIONS = NO;
				ENABLE_STRICT_OBJC_MSGSEND = YES;
				GCC_C_LANGUAGE_STANDARD = gnu11;
				GCC_NO_COMMON_BLOCKS = YES;
				GCC_WARN_64_TO_32_BIT_CONVERSION = YES;
				GCC_WARN_ABOUT_RETURN_TYPE = YES_ERROR;
				GCC_WARN_UNDECLARED_SELECTOR = YES;
				GCC_WARN_UNINITIALIZED_AUTOS = YES_AGGRESSIVE;
				GCC_WARN_UNUSED_FUNCTION = YES;
				GCC_WARN_UNUSED_VARIABLE = YES;
				IPHONEOS_DEPLOYMENT_TARGET = 14.4;
				MTL_ENABLE_DEBUG_INFO = NO;
				MTL_FAST_MATH = YES;
				SDKROOT = iphoneos;
				SWIFT_COMPILATION_MODE = wholemodule;
				SWIFT_OPTIMIZATION_LEVEL = "-O";
				VALIDATE_PRODUCT = YES;
			};
			name = Release;
		};
		C96A3C4C25F7CE5200D794AF /* Debug */ = {
			isa = XCBuildConfiguration;
			buildSettings = {
				ASSETCATALOG_COMPILER_APPICON_NAME = AppIcon;
				ASSETCATALOG_COMPILER_GLOBAL_ACCENT_COLOR_NAME = AccentColor;
				CODE_SIGN_STYLE = Automatic;
				DEVELOPMENT_ASSET_PATHS = "\"Landmarks/Preview Content\"";
				DEVELOPMENT_TEAM = THGNJYN4U3;
				ENABLE_PREVIEWS = YES;
				INFOPLIST_FILE = Landmarks/Info.plist;
				IPHONEOS_DEPLOYMENT_TARGET = 14.0;
				LD_RUNPATH_SEARCH_PATHS = (
					"$(inherited)",
					"@executable_path/Frameworks",
				);
				PRODUCT_BUNDLE_IDENTIFIER = com.daichi.hayashi.Landmarks;
				PRODUCT_NAME = "$(TARGET_NAME)";
				SWIFT_VERSION = 5.0;
				TARGETED_DEVICE_FAMILY = "1,2";
			};
			name = Debug;
		};
		C96A3C4D25F7CE5200D794AF /* Release */ = {
			isa = XCBuildConfiguration;
			buildSettings = {
				ASSETCATALOG_COMPILER_APPICON_NAME = AppIcon;
				ASSETCATALOG_COMPILER_GLOBAL_ACCENT_COLOR_NAME = AccentColor;
				CODE_SIGN_STYLE = Automatic;
				DEVELOPMENT_ASSET_PATHS = "\"Landmarks/Preview Content\"";
				DEVELOPMENT_TEAM = THGNJYN4U3;
				ENABLE_PREVIEWS = YES;
				INFOPLIST_FILE = Landmarks/Info.plist;
				IPHONEOS_DEPLOYMENT_TARGET = 14.0;
				LD_RUNPATH_SEARCH_PATHS = (
					"$(inherited)",
					"@executable_path/Frameworks",
				);
				PRODUCT_BUNDLE_IDENTIFIER = com.daichi.hayashi.Landmarks;
				PRODUCT_NAME = "$(TARGET_NAME)";
				SWIFT_VERSION = 5.0;
				TARGETED_DEVICE_FAMILY = "1,2";
			};
			name = Release;
		};
/* End XCBuildConfiguration section */

/* Begin XCConfigurationList section */
		C96A3C3725F7CE4100D794AF /* Build configuration list for PBXProject "Landmarks" */ = {
			isa = XCConfigurationList;
			buildConfigurations = (
				C96A3C4925F7CE5200D794AF /* Debug */,
				C96A3C4A25F7CE5200D794AF /* Release */,
			);
			defaultConfigurationIsVisible = 0;
			defaultConfigurationName = Release;
		};
		C96A3C4B25F7CE5200D794AF /* Build configuration list for PBXNativeTarget "Landmarks" */ = {
			isa = XCConfigurationList;
			buildConfigurations = (
				C96A3C4C25F7CE5200D794AF /* Debug */,
				C96A3C4D25F7CE5200D794AF /* Release */,
			);
			defaultConfigurationIsVisible = 0;
			defaultConfigurationName = Release;
		};
/* End XCConfigurationList section */
	};
	rootObject = C96A3C3425F7CE4100D794AF /* Project object */;
}
