// !$*UTF8*$!
{
	archiveVersion = 1;
	classes = {
	};
	objectVersion = 50;
	objects = {

/* Begin PBXBuildFile section */
		C941C9AD25FB15BC00D7DDE3 /* landmarkData.json in Resources */ = {isa = PBXBuildFile; fileRef = C941C9AC25FB15BC00D7DDE3 /* landmarkData.json */; };
		C941C9B025FB33A500D7DDE3 /* Landmark.swift in Sources */ = {isa = PBXBuildFile; fileRef = C941C9AF25FB33A500D7DDE3 /* Landmark.swift */; };
		C941C9B325FB34DF00D7DDE3 /* ModelData.swift in Sources */ = {isa = PBXBuildFile; fileRef = C941C9B225FB34DF00D7DDE3 /* ModelData.swift */; };
		C96A3C4025F7CE4100D794AF /* LandmarksApp.swift in Sources */ = {isa = PBXBuildFile; fileRef = C96A3C3F25F7CE4100D794AF /* LandmarksApp.swift */; };
		C96A3C4225F7CE4100D794AF /* ContentView.swift in Sources */ = {isa = PBXBuildFile; fileRef = C96A3C4125F7CE4100D794AF /* ContentView.swift */; };
		C96A3C4425F7CE5200D794AF /* Assets.xcassets in Resources */ = {isa = PBXBuildFile; fileRef = C96A3C4325F7CE5200D794AF /* Assets.xcassets */; };
		C96A3C4725F7CE5200D794AF /* Preview Assets.xcassets in Resources */ = {isa = PBXBuildFile; fileRef = C96A3C4625F7CE5200D794AF /* Preview Assets.xcassets */; };
		C96A3C5025F7D8F000D794AF /* CircleImage.swift in Sources */ = {isa = PBXBuildFile; fileRef = C96A3C4F25F7D8F000D794AF /* CircleImage.swift */; };
		C96A3C5325F7D9DA00D794AF /* MapView.swift in Sources */ = {isa = PBXBuildFile; fileRef = C96A3C5225F7D9DA00D794AF /* MapView.swift */; };
/* End PBXBuildFile section */

/* Begin PBXFileReference section */
		C941C9AC25FB15BC00D7DDE3 /* landmarkData.json */ = {isa = PBXFileReference; fileEncoding = 4; lastKnownFileType = text.json; path = landmarkData.json; sourceTree = "<group>"; };
		C941C9AF25FB33A500D7DDE3 /* Landmark.swift */ = {isa = PBXFileReference; lastKnownFileType = sourcecode.swift; path = Landmark.swift; sourceTree = "<group>"; };
		C941C9B225FB34DF00D7DDE3 /* ModelData.swift */ = {isa = PBXFileReference; lastKnownFileType = sourcecode.swift; path = ModelData.swift; sourceTree = "<group>"; };
		C96A3C3C25F7CE4100D794AF /* Landmarks.app */ = {isa = PBXFileReference; explicitFileType = wrapper.application; includeInIndex = 0; path = Landmarks.app; sourceTree = BUILT_PRODUCTS_DIR; };
		C96A3C3F25F7CE4100D794AF /* LandmarksApp.swift */ = {isa = PBXFileReference; lastKnownFileType = sourcecode.swift; path = LandmarksApp.swift; sourceTree = "<group>"; };
		C96A3C4125F7CE4100D794AF /* ContentView.swift */ = {isa = PBXFileReference; lastKnownFileType = sourcecode.swift; path = ContentView.swift; sourceTree = "<group>"; };
		C96A3C4325F7CE5200D794AF /* Assets.xcassets */ = {isa = PBXFileReference; lastKnownFileType = folder.assetcatalog; path = Assets.xcassets; sourceTree = "<group>"; };
		C96A3C4625F7CE5200D794AF /* Preview Assets.xcassets */ = {isa = PBXFileReference; lastKnownFileType = folder.assetcatalog; path = "Preview Assets.xcassets"; sourceTree = "<group>"; };
		C96A3C4825F7CE5200D794AF /* Info.plist */ = {isa = PBXFileReference; lastKnownFileType = text.plist.xml; path = Info.plist; sourceTree = "<group>"; };
		C96A3C4F25F7D8F000D794AF /* CircleImage.swift */ = {isa = PBXFileReference; lastKnownFileType = sourcecode.swift; path = CircleImage.swift; sourceTree = "<group>"; };
		C96A3C5225F7D9DA00D794AF /* MapView.swift */ = {isa = PBXFileReference; lastKnownFileType = sourcecode.swift; path = MapView.swift; sourceTree = "<group>"; };
/* End PBXFileReference section */

/* Begin PBXFrameworksBuildPhase section */
		C96A3C3925F7CE4100D794AF /* Frameworks */ = {
			isa = PBXFrameworksBuildPhase;
			buildActionMask = 2147483647;
			files = (
			);
			runOnlyForDeploymentPostprocessing = 0;
		};
/* End PBXFrameworksBuildPhase section */

/* Begin PBXGroup section */
		C941C9B525FB391E00D7DDE3 /* Views */ = {
			isa = PBXGroup;
			children = (
				C96A3C4125F7CE4100D794AF /* ContentView.swift */,
				C96A3C4F25F7D8F000D794AF /* CircleImage.swift */,
				C96A3C5225F7D9DA00D794AF /* MapView.swift */,
			);
			path = Views;
			sourceTree = "<group>";
		};
		C941C9B625FB393A00D7DDE3 /* Model */ = {
			isa = PBXGroup;
			children = (
				C941C9B225FB34DF00D7DDE3 /* ModelData.swift */,
				C941C9AF25FB33A500D7DDE3 /* Landmark.swift */,
			);
			path = Model;
			sourceTree = "<group>";
		};
		C941C9B725FB396600D7DDE3 /* Resource */ = {
			isa = PBXGroup;
			children = (
				C941C9AC25FB15BC00D7DDE3 /* landmarkData.json */,
			);
			path = Resource;
			sourceTree = "<group>";
		};
		C96A3C3325F7CE4100D794AF = {
			isa = PBXGroup;
			children = (
				C96A3C3E25F7CE4100D794AF /* Landmarks */,
				C96A3C3D25F7CE4100D794AF /* Products */,
			);
			sourceTree = "<group>";
		};
		C96A3C3D25F7CE4100D794AF /* Products */ = {
			isa = PBXGroup;
			children = (
				C96A3C3C25F7CE4100D794AF /* Landmarks.app */,
			);
			name = Products;
			sourceTree = "<group>";
		};
		C96A3C3E25F7CE4100D794AF /* Landmarks */ = {
			isa = PBXGroup;
			children = (
				C96A3C3F25F7CE4100D794AF /* LandmarksApp.swift */,
				C941C9B525FB391E00D7DDE3 /* Views */,
				C941C9B625FB393A00D7DDE3 /* Model */,
				C941C9B725FB396600D7DDE3 /* Resource */,
				C96A3C4325F7CE5200D794AF /* Assets.xcassets */,
				C96A3C4825F7CE5200D794AF /* Info.plist */,
				C96A3C4525F7CE5200D794AF /* Preview Content */,
			);
			path = Landmarks;
			sourceTree = "<group>";
		};
		C96A3C4525F7CE5200D794AF /* Preview Content */ = {
			isa = PBXGroup;
			children = (
				C96A3C4625F7CE5200D794AF /* Preview Assets.xcassets */,
			);
			path = "Preview Content";
			sourceTree = "<group>";
		};
/* End PBXGroup section */

/* Begin PBXNativeTarget section */
		C96A3C3B25F7CE4100D794AF /* Landmarks */ = {
			isa = PBXNativeTarget;
			buildConfigurationList = C96A3C4B25F7CE5200D794AF /* Build configuration list for PBXNativeTarget "Landmarks" */;
			buildPhases = (
				C96A3C3825F7CE4100D794AF /* Sources */,
				C96A3C3925F7CE4100D794AF /* Frameworks */,
				C96A3C3A25F7CE4100D794AF /* Resources */,
			);
			buildRules = (
			);
			dependencies = (
			);
			name = Landmarks;
			productName = Landmarks;
			productReference = C96A3C3C25F7CE4100D794AF /* Landmarks.app */;
			productType = "com.apple.product-type.application";
		};
/* End PBXNativeTarget section */

/* Begin PBXProject section */
		C96A3C3425F7CE4100D794AF /* Project object */ = {
			isa = PBXProject;
			attributes = {
				LastSwiftUpdateCheck = 1240;
				LastUpgradeCheck = 1240;
				TargetAttributes = {
					C96A3C3B25F7CE4100D794AF = {
						CreatedOnToolsVersion = 12.4;
					};
				};
			};
			buildConfigurationList = C96A3C3725F7CE4100D794AF /* Build configuration list for PBXProject "Landmarks" */;
			compatibilityVersion = "Xcode 9.3";
			developmentRegion = en;
			hasScannedForEncodings = 0;
			knownRegions = (
				en,
				Base,
			);
			mainGroup = C96A3C3325F7CE4100D794AF;
			productRefGroup = C96A3C3D25F7CE4100D794AF /* Products */;
			projectDirPath = "";
			projectRoot = "";
			targets = (
				C96A3C3B25F7CE4100D794AF /* Landmarks */,
			);
		};
/* End PBXProject section */

/* Begin PBXResourcesBuildPhase section */
		C96A3C3A25F7CE4100D794AF /* Resources */ = {
			isa = PBXResourcesBuildPhase;
			buildActionMask = 2147483647;
			files = (
				C96A3C4725F7CE5200D794AF /* Preview Assets.xcassets in Resources */,
				C96A3C4425F7CE5200D794AF /* Assets.xcassets in Resources */,
				C941C9AD25FB15BC00D7DDE3 /* landmarkData.json in Resources */,
			);
			runOnlyForDeploymentPostprocessing = 0;
		};
/* End PBXResourcesBuildPhase section */

/* Begin PBXSourcesBuildPhase section */
		C96A3C3825F7CE4100D794AF /* Sources */ = {
			isa = PBXSourcesBuildPhase;
			buildActionMask = 2147483647;
			files = (
				C96A3C4225F7CE4100D794AF /* ContentView.swift in Sources */,
				C96A3C5325F7D9DA00D794AF /* MapView.swift in Sources */,
				C96A3C4025F7CE4100D794AF /* LandmarksApp.swift in Sources */,
				C96A3C5025F7D8F000D794AF /* CircleImage.swift in Sources */,
				C941C9B025FB33A500D7DDE3 /* Landmark.swift in Sources */,
				C941C9B325FB34DF00D7DDE3 /* ModelData.swift in Sources */,
			);
			runOnlyForDeploymentPostprocessing = 0;
		};
/* End PBXSourcesBuildPhase section */

/* Begin XCBuildConfiguration section */
		C96A3C4925F7CE5200D794AF /* Debug */ = {
			isa = XCBuildConfiguration;
			buildSettings = {
				ALWAYS_SEARCH_USER_PATHS = NO;
				CLANG_ANALYZER_NONNULL = YES;
				CLANG_ANALYZER_NUMBER_OBJECT_CONVERSION = YES_AGGRESSIVE;
				CLANG_CXX_LANGUAGE_STANDARD = "gnu++14";
				CLANG_CXX_LIBRARY = "libc++";
				CLANG_ENABLE_MODULES = YES;
				CLANG_ENABLE_OBJC_ARC = YES;
				CLANG_ENABLE_OBJC_WEAK = YES;
				CLANG_WARN_BLOCK_CAPTURE_AUTORELEASING = YES;
				CLANG_WARN_BOOL_CONVERSION = YES;
				CLANG_WARN_COMMA = YES;
				CLANG_WARN_CONSTANT_CONVERSION = YES;
				CLANG_WARN_DEPRECATED_OBJC_IMPLEMENTATIONS = YES;
				CLANG_WARN_DIRECT_OBJC_ISA_USAGE = YES_ERROR;
				CLANG_WARN_DOCUMENTATION_COMMENTS = YES;
				CLANG_WARN_EMPTY_BODY = YES;
				CLANG_WARN_ENUM_CONVERSION = YES;
				CLANG_WARN_INFINITE_RECURSION = YES;
				CLANG_WARN_INT_CONVERSION = YES;
				CLANG_WARN_NON_LITERAL_NULL_CONVERSION = YES;
				CLANG_WARN_OBJC_IMPLICIT_RETAIN_SELF = YES;
				CLANG_WARN_OBJC_LITERAL_CONVERSION = YES;
				CLANG_WARN_OBJC_ROOT_CLASS = YES_ERROR;
				CLANG_WARN_QUOTED_INCLUDE_IN_FRAMEWORK_HEADER = YES;
				CLANG_WARN_RANGE_LOOP_ANALYSIS = YES;
				CLANG_WARN_STRICT_PROTOTYPES = YES;
				CLANG_WARN_SUSPICIOUS_MOVE = YES;
				CLANG_WARN_UNGUARDED_AVAILABILITY = YES_AGGRESSIVE;
				CLANG_WARN_UNREACHABLE_CODE = YES;
				CLANG_WARN__DUPLICATE_METHOD_MATCH = YES;
				COPY_PHASE_STRIP = NO;
				DEBUG_INFORMATION_FORMAT = dwarf;
				ENABLE_STRICT_OBJC_MSGSEND = YES;
				ENABLE_TESTABILITY = YES;
				GCC_C_LANGUAGE_STANDARD = gnu11;
				GCC_DYNAMIC_NO_PIC = NO;
				GCC_NO_COMMON_BLOCKS = YES;
				GCC_OPTIMIZATION_LEVEL = 0;
				GCC_PREPROCESSOR_DEFINITIONS = (
					"DEBUG=1",
					"$(inherited)",
				);
				GCC_WARN_64_TO_32_BIT_CONVERSION = YES;
				GCC_WARN_ABOUT_RETURN_TYPE = YES_ERROR;
				GCC_WARN_UNDECLARED_SELECTOR = YES;
				GCC_WARN_UNINITIALIZED_AUTOS = YES_AGGRESSIVE;
				GCC_WARN_UNUSED_FUNCTION = YES;
				GCC_WARN_UNUSED_VARIABLE = YES;
				IPHONEOS_DEPLOYMENT_TARGET = 14.4;
				MTL_ENABLE_DEBUG_INFO = INCLUDE_SOURCE;
				MTL_FAST_MATH = YES;
				ONLY_ACTIVE_ARCH = YES;
				SDKROOT = iphoneos;
				SWIFT_ACTIVE_COMPILATION_CONDITIONS = DEBUG;
				SWIFT_OPTIMIZATION_LEVEL = "-Onone";
			};
			name = Debug;
		};
		C96A3C4A25F7CE5200D794AF /* Release */ = {
			isa = XCBuildConfiguration;
			buildSettings = {
				ALWAYS_SEARCH_USER_PATHS = NO;
				CLANG_ANALYZER_NONNULL = YES;
				CLANG_ANALYZER_NUMBER_OBJECT_CONVERSION = YES_AGGRESSIVE;
				CLANG_CXX_LANGUAGE_STANDARD = "gnu++14";
				CLANG_CXX_LIBRARY = "libc++";
				CLANG_ENABLE_MODULES = YES;
				CLANG_ENABLE_OBJC_ARC = YES;
				CLANG_ENABLE_OBJC_WEAK = YES;
				CLANG_WARN_BLOCK_CAPTURE_AUTORELEASING = YES;
				CLANG_WARN_BOOL_CONVERSION = YES;
				CLANG_WARN_COMMA = YES;
				CLANG_WARN_CONSTANT_CONVERSION = YES;
				CLANG_WARN_DEPRECATED_OBJC_IMPLEMENTATIONS = YES;
				CLANG_WARN_DIRECT_OBJC_ISA_USAGE = YES_ERROR;
				CLANG_WARN_DOCUMENTATION_COMMENTS = YES;
				CLANG_WARN_EMPTY_BODY = YES;
				CLANG_WARN_ENUM_CONVERSION = YES;
				CLANG_WARN_INFINITE_RECURSION = YES;
				CLANG_WARN_INT_CONVERSION = YES;
				CLANG_WARN_NON_LITERAL_NULL_CONVERSION = YES;
				CLANG_WARN_OBJC_IMPLICIT_RETAIN_SELF = YES;
				CLANG_WARN_OBJC_LITERAL_CONVERSION = YES;
				CLANG_WARN_OBJC_ROOT_CLASS = YES_ERROR;
				CLANG_WARN_QUOTED_INCLUDE_IN_FRAMEWORK_HEADER = YES;
				CLANG_WARN_RANGE_LOOP_ANALYSIS = YES;
				CLANG_WARN_STRICT_PROTOTYPES = YES;
				CLANG_WARN_SUSPICIOUS_MOVE = YES;
				CLANG_WARN_UNGUARDED_AVAILABILITY = YES_AGGRESSIVE;
				CLANG_WARN_UNREACHABLE_CODE = YES;
				CLANG_WARN__DUPLICATE_METHOD_MATCH = YES;
				COPY_PHASE_STRIP = NO;
				DEBUG_INFORMATION_FORMAT = "dwarf-with-dsym";
				ENABLE_NS_ASSERTIONS = NO;
				ENABLE_STRICT_OBJC_MSGSEND = YES;
				GCC_C_LANGUAGE_STANDARD = gnu11;
				GCC_NO_COMMON_BLOCKS = YES;
				GCC_WARN_64_TO_32_BIT_CONVERSION = YES;
				GCC_WARN_ABOUT_RETURN_TYPE = YES_ERROR;
				GCC_WARN_UNDECLARED_SELECTOR = YES;
				GCC_WARN_UNINITIALIZED_AUTOS = YES_AGGRESSIVE;
				GCC_WARN_UNUSED_FUNCTION = YES;
				GCC_WARN_UNUSED_VARIABLE = YES;
				IPHONEOS_DEPLOYMENT_TARGET = 14.4;
				MTL_ENABLE_DEBUG_INFO = NO;
				MTL_FAST_MATH = YES;
				SDKROOT = iphoneos;
				SWIFT_COMPILATION_MODE = wholemodule;
				SWIFT_OPTIMIZATION_LEVEL = "-O";
				VALIDATE_PRODUCT = YES;
			};
			name = Release;
		};
		C96A3C4C25F7CE5200D794AF /* Debug */ = {
			isa = XCBuildConfiguration;
			buildSettings = {
				ASSETCATALOG_COMPILER_APPICON_NAME = AppIcon;
				ASSETCATALOG_COMPILER_GLOBAL_ACCENT_COLOR_NAME = AccentColor;
				CODE_SIGN_STYLE = Automatic;
				DEVELOPMENT_ASSET_PATHS = "\"Landmarks/Preview Content\"";
				DEVELOPMENT_TEAM = THGNJYN4U3;
				ENABLE_PREVIEWS = YES;
				INFOPLIST_FILE = Landmarks/Info.plist;
				IPHONEOS_DEPLOYMENT_TARGET = 14.0;
				LD_RUNPATH_SEARCH_PATHS = (
					"$(inherited)",
					"@executable_path/Frameworks",
				);
				PRODUCT_BUNDLE_IDENTIFIER = com.daichi.hayashi.Landmarks;
				PRODUCT_NAME = "$(TARGET_NAME)";
				SWIFT_VERSION = 5.0;
				TARGETED_DEVICE_FAMILY = "1,2";
			};
			name = Debug;
		};
		C96A3C4D25F7CE5200D794AF /* Release */ = {
			isa = XCBuildConfiguration;
			buildSettings = {
				ASSETCATALOG_COMPILER_APPICON_NAME = AppIcon;
				ASSETCATALOG_COMPILER_GLOBAL_ACCENT_COLOR_NAME = AccentColor;
				CODE_SIGN_STYLE = Automatic;
				DEVELOPMENT_ASSET_PATHS = "\"Landmarks/Preview Content\"";
				DEVELOPMENT_TEAM = THGNJYN4U3;
				ENABLE_PREVIEWS = YES;
				INFOPLIST_FILE = Landmarks/Info.plist;
				IPHONEOS_DEPLOYMENT_TARGET = 14.0;
				LD_RUNPATH_SEARCH_PATHS = (
					"$(inherited)",
					"@executable_path/Frameworks",
				);
				PRODUCT_BUNDLE_IDENTIFIER = com.daichi.hayashi.Landmarks;
				PRODUCT_NAME = "$(TARGET_NAME)";
				SWIFT_VERSION = 5.0;
				TARGETED_DEVICE_FAMILY = "1,2";
			};
			name = Release;
		};
/* End XCBuildConfiguration section */

/* Begin XCConfigurationList section */
		C96A3C3725F7CE4100D794AF /* Build configuration list for PBXProject "Landmarks" */ = {
			isa = XCConfigurationList;
			buildConfigurations = (
				C96A3C4925F7CE5200D794AF /* Debug */,
				C96A3C4A25F7CE5200D794AF /* Release */,
			);
			defaultConfigurationIsVisible = 0;
			defaultConfigurationName = Release;
		};
		C96A3C4B25F7CE5200D794AF /* Build configuration list for PBXNativeTarget "Landmarks" */ = {
			isa = XCConfigurationList;
			buildConfigurations = (
				C96A3C4C25F7CE5200D794AF /* Debug */,
				C96A3C4D25F7CE5200D794AF /* Release */,
			);
			defaultConfigurationIsVisible = 0;
			defaultConfigurationName = Release;
		};
/* End XCConfigurationList section */
	};
	rootObject = C96A3C3425F7CE4100D794AF /* Project object */;
}
